
Microsoft Visual Studio Solution File, Format Version 12.00
# Visual Studio Version 16
VisualStudioVersion = 16.0.31205.134
MinimumVisualStudioVersion = 10.0.40219.1
Project("{9A19103F-16F7-4668-BE54-9A1E7A4F7556}") = "Enrty", "trial\Enrty.csproj", "{DEBE6C35-D878-41C2-BE3F-0E1165D3D48C}"
EndProject
Project("{9A19103F-16F7-4668-BE54-9A1E7A4F7556}") = "CampIntro", "CampIntro\CampIntro.csproj", "{7326C6CF-58B7-4A58-B810-A2FE0D5E1ED6}"
EndProject
Project("{9A19103F-16F7-4668-BE54-9A1E7A4F7556}") = "Loops", "Loops\Loops.csproj", "{C8E9751A-6A53-48F0-B1B6-859CF1CB4656}"
EndProject
Project("{9A19103F-16F7-4668-BE54-9A1E7A4F7556}") = "ClassIntro", "ClassIntro\ClassIntro.csproj", "{4FE19ED0-2516-43D0-B987-F50C4A552BBE}"
EndProject
Project("{9A19103F-16F7-4668-BE54-9A1E7A4F7556}") = "Methods", "Methods\Methods.csproj", "{CEB1AFE0-0E55-415F-BC3C-D38C87A5CBBC}"
EndProject
Project("{9A19103F-16F7-4668-BE54-9A1E7A4F7556}") = "Math", "Math\Math.csproj", "{07B3E2E2-B082-472D-8F00-983E6653A69A}"
EndProject
Project("{9A19103F-16F7-4668-BE54-9A1E7A4F7556}") = "ValueAndReferenceTypes", "ValueAndReferenceTypes\ValueAndReferenceTypes.csproj", "{F51A285E-3E5B-4C5C-8117-7862ECB61280}"
EndProject
Project("{9A19103F-16F7-4668-BE54-9A1E7A4F7556}") = "OOP1", "OOP1\OOP1.csproj", "{B4DA7BCF-7FDF-4930-83F5-5A80472DBC9D}"
EndProject
Project("{9A19103F-16F7-4668-BE54-9A1E7A4F7556}") = "Collections", "Collections\Collections.csproj", "{F01A2EE6-6187-4AED-9A08-541020119709}"
EndProject
Project("{9A19103F-16F7-4668-BE54-9A1E7A4F7556}") = "GenericsIntro", "GenericsIntro\GenericsIntro.csproj", "{C85ACB62-D4C9-4259-989D-9BE8D84960A4}"
EndProject
Project("{FAE04EC0-301F-11D3-BF4B-00C04F79EFBC}") = "OOP2", "OOP2\OOP2.csproj", "{D4A88F54-2006-40D8-A96A-9E28A452469C}"
EndProject
Global
	GlobalSection(SolutionConfigurationPlatforms) = preSolution
		Debug|Any CPU = Debug|Any CPU
		Release|Any CPU = Release|Any CPU
	EndGlobalSection
	GlobalSection(ProjectConfigurationPlatforms) = postSolution
		{DEBE6C35-D878-41C2-BE3F-0E1165D3D48C}.Debug|Any CPU.ActiveCfg = Debug|Any CPU
		{DEBE6C35-D878-41C2-BE3F-0E1165D3D48C}.Debug|Any CPU.Build.0 = Debug|Any CPU
		{DEBE6C35-D878-41C2-BE3F-0E1165D3D48C}.Release|Any CPU.ActiveCfg = Release|Any CPU
		{DEBE6C35-D878-41C2-BE3F-0E1165D3D48C}.Release|Any CPU.Build.0 = Release|Any CPU
		{7326C6CF-58B7-4A58-B810-A2FE0D5E1ED6}.Debug|Any CPU.ActiveCfg = Debug|Any CPU
		{7326C6CF-58B7-4A58-B810-A2FE0D5E1ED6}.Debug|Any CPU.Build.0 = Debug|Any CPU
		{7326C6CF-58B7-4A58-B810-A2FE0D5E1ED6}.Release|Any CPU.ActiveCfg = Release|Any CPU
		{7326C6CF-58B7-4A58-B810-A2FE0D5E1ED6}.Release|Any CPU.Build.0 = Release|Any CPU
		{C8E9751A-6A53-48F0-B1B6-859CF1CB4656}.Debug|Any CPU.ActiveCfg = Debug|Any CPU
		{C8E9751A-6A53-48F0-B1B6-859CF1CB4656}.Debug|Any CPU.Build.0 = Debug|Any CPU
		{C8E9751A-6A53-48F0-B1B6-859CF1CB4656}.Release|Any CPU.ActiveCfg = Release|Any CPU
		{C8E9751A-6A53-48F0-B1B6-859CF1CB4656}.Release|Any CPU.Build.0 = Release|Any CPU
		{4FE19ED0-2516-43D0-B987-F50C4A552BBE}.Debug|Any CPU.ActiveCfg = Debug|Any CPU
		{4FE19ED0-2516-43D0-B987-F50C4A552BBE}.Debug|Any CPU.Build.0 = Debug|Any CPU
		{4FE19ED0-2516-43D0-B987-F50C4A552BBE}.Release|Any CPU.ActiveCfg = Release|Any CPU
		{4FE19ED0-2516-43D0-B987-F50C4A552BBE}.Release|Any CPU.Build.0 = Release|Any CPU
		{CEB1AFE0-0E55-415F-BC3C-D38C87A5CBBC}.Debug|Any CPU.ActiveCfg = Debug|Any CPU
		{CEB1AFE0-0E55-415F-BC3C-D38C87A5CBBC}.Debug|Any CPU.Build.0 = Debug|Any CPU
		{CEB1AFE0-0E55-415F-BC3C-D38C87A5CBBC}.Release|Any CPU.ActiveCfg = Release|Any CPU
		{CEB1AFE0-0E55-415F-BC3C-D38C87A5CBBC}.Release|Any CPU.Build.0 = Release|Any CPU
		{07B3E2E2-B082-472D-8F00-983E6653A69A}.Debug|Any CPU.ActiveCfg = Debug|Any CPU
		{07B3E2E2-B082-472D-8F00-983E6653A69A}.Debug|Any CPU.Build.0 = Debug|Any CPU
		{07B3E2E2-B082-472D-8F00-983E6653A69A}.Release|Any CPU.ActiveCfg = Release|Any CPU
		{07B3E2E2-B082-472D-8F00-983E6653A69A}.Release|Any CPU.Build.0 = Release|Any CPU
		{F51A285E-3E5B-4C5C-8117-7862ECB61280}.Debug|Any CPU.ActiveCfg = Debug|Any CPU
		{F51A285E-3E5B-4C5C-8117-7862ECB61280}.Debug|Any CPU.Build.0 = Debug|Any CPU
		{F51A285E-3E5B-4C5C-8117-7862ECB61280}.Release|Any CPU.ActiveCfg = Release|Any CPU
		{F51A285E-3E5B-4C5C-8117-7862ECB61280}.Release|Any CPU.Build.0 = Release|Any CPU
		{B4DA7BCF-7FDF-4930-83F5-5A80472DBC9D}.Debug|Any CPU.ActiveCfg = Debug|Any CPU
		{B4DA7BCF-7FDF-4930-83F5-5A80472DBC9D}.Debug|Any CPU.Build.0 = Debug|Any CPU
		{B4DA7BCF-7FDF-4930-83F5-5A80472DBC9D}.Release|Any CPU.ActiveCfg = Release|Any CPU
		{B4DA7BCF-7FDF-4930-83F5-5A80472DBC9D}.Release|Any CPU.Build.0 = Release|Any CPU
		{F01A2EE6-6187-4AED-9A08-541020119709}.Debug|Any CPU.ActiveCfg = Debug|Any CPU
		{F01A2EE6-6187-4AED-9A08-541020119709}.Debug|Any CPU.Build.0 = Debug|Any CPU
		{F01A2EE6-6187-4AED-9A08-541020119709}.Release|Any CPU.ActiveCfg = Release|Any CPU
		{F01A2EE6-6187-4AED-9A08-541020119709}.Release|Any CPU.Build.0 = Release|Any CPU
		{C85ACB62-D4C9-4259-989D-9BE8D84960A4}.Debug|Any CPU.ActiveCfg = Debug|Any CPU
		{C85ACB62-D4C9-4259-989D-9BE8D84960A4}.Debug|Any CPU.Build.0 = Debug|Any CPU
		{C85ACB62-D4C9-4259-989D-9BE8D84960A4}.Release|Any CPU.ActiveCfg = Release|Any CPU
		{C85ACB62-D4C9-4259-989D-9BE8D84960A4}.Release|Any CPU.Build.0 = Release|Any CPU
		{D4A88F54-2006-40D8-A96A-9E28A452469C}.Debug|Any CPU.ActiveCfg = Debug|Any CPU
		{D4A88F54-2006-40D8-A96A-9E28A452469C}.Debug|Any CPU.Build.0 = Debug|Any CPU
		{D4A88F54-2006-40D8-A96A-9E28A452469C}.Release|Any CPU.ActiveCfg = Release|Any CPU
		{D4A88F54-2006-40D8-A96A-9E28A452469C}.Release|Any CPU.Build.0 = Release|Any CPU
	EndGlobalSection
	GlobalSection(SolutionProperties) = preSolution
		HideSolutionNode = FALSE
	EndGlobalSection
	GlobalSection(ExtensibilityGlobals) = postSolution
		SolutionGuid = {402384D1-B07A-4E65-8B78-47C6735367E5}
	EndGlobalSection
EndGlobal
